// !$*UTF8*$!
{
	archiveVersion = 1;
	classes = {
	};
	objectVersion = 77;
	objects = {

/* Begin PBXBuildFile section */
		7482F7BD2D88E17900A0A70F /* README.md in Resources */ = {isa = PBXBuildFile; fileRef = 7482F7BC2D88E16900A0A70F /* README.md */; };
		7482F7BF2D88E3D300A0A70F /* .gitignore in Resources */ = {isa = PBXBuildFile; fileRef = 7482F7BE2D88E3CB00A0A70F /* .gitignore */; };
/* End PBXBuildFile section */

/* Begin PBXContainerItemProxy section */
		7482F7A02D88DD7100A0A70F /* PBXContainerItemProxy */ = {
			isa = PBXContainerItemProxy;
			containerPortal = 7482F7852D88DD7000A0A70F /* Project object */;
			proxyType = 1;
			remoteGlobalIDString = 7482F78C2D88DD7000A0A70F;
			remoteInfo = Newsly;
		};
		7482F7AA2D88DD7100A0A70F /* PBXContainerItemProxy */ = {
			isa = PBXContainerItemProxy;
			containerPortal = 7482F7852D88DD7000A0A70F /* Project object */;
			proxyType = 1;
			remoteGlobalIDString = 7482F78C2D88DD7000A0A70F;
			remoteInfo = Newsly;
		};
/* End PBXContainerItemProxy section */

/* Begin PBXFileReference section */
		7482F78D2D88DD7000A0A70F /* Newsly.app */ = {isa = PBXFileReference; explicitFileType = wrapper.application; includeInIndex = 0; path = Newsly.app; sourceTree = BUILT_PRODUCTS_DIR; };
		7482F79F2D88DD7100A0A70F /* NewslyTests.xctest */ = {isa = PBXFileReference; explicitFileType = wrapper.cfbundle; includeInIndex = 0; path = NewslyTests.xctest; sourceTree = BUILT_PRODUCTS_DIR; };
		7482F7A92D88DD7100A0A70F /* NewslyUITests.xctest */ = {isa = PBXFileReference; explicitFileType = wrapper.cfbundle; includeInIndex = 0; path = NewslyUITests.xctest; sourceTree = BUILT_PRODUCTS_DIR; };
		7482F7BC2D88E16900A0A70F /* README.md */ = {isa = PBXFileReference; lastKnownFileType = net.daringfireball.markdown; path = README.md; sourceTree = "<group>"; };
		7482F7BE2D88E3CB00A0A70F /* .gitignore */ = {isa = PBXFileReference; lastKnownFileType = text; path = .gitignore; sourceTree = "<group>"; };
/* End PBXFileReference section */

/* Begin PBXFileSystemSynchronizedRootGroup section */
		7482F78F2D88DD7000A0A70F /* Newsly */ = {
			isa = PBXFileSystemSynchronizedRootGroup;
			path = Newsly;
			sourceTree = "<group>";
		};
		7482F7A22D88DD7100A0A70F /* NewslyTests */ = {
			isa = PBXFileSystemSynchronizedRootGroup;
			path = NewslyTests;
			sourceTree = "<group>";
		};
		7482F7AC2D88DD7100A0A70F /* NewslyUITests */ = {
			isa = PBXFileSystemSynchronizedRootGroup;
			path = NewslyUITests;
			sourceTree = "<group>";
		};
/* End PBXFileSystemSynchronizedRootGroup section */

/* Begin PBXFrameworksBuildPhase section */
		7482F78A2D88DD7000A0A70F /* Frameworks */ = {
			isa = PBXFrameworksBuildPhase;
			buildActionMask = 2147483647;
			files = (
			);
			runOnlyForDeploymentPostprocessing = 0;
		};
		7482F79C2D88DD7100A0A70F /* Frameworks */ = {
			isa = PBXFrameworksBuildPhase;
			buildActionMask = 2147483647;
			files = (
			);
			runOnlyForDeploymentPostprocessing = 0;
		};
		7482F7A62D88DD7100A0A70F /* Frameworks */ = {
			isa = PBXFrameworksBuildPhase;
			buildActionMask = 2147483647;
			files = (
			);
			runOnlyForDeploymentPostprocessing = 0;
		};
/* End PBXFrameworksBuildPhase section */

/* Begin PBXGroup section */
		7482F7842D88DD7000A0A70F = {
			isa = PBXGroup;
			children = (
				7482F7BE2D88E3CB00A0A70F /* .gitignore */,
				7482F7BC2D88E16900A0A70F /* README.md */,
				7482F78F2D88DD7000A0A70F /* Newsly */,
				7482F7A22D88DD7100A0A70F /* NewslyTests */,
				7482F7AC2D88DD7100A0A70F /* NewslyUITests */,
				7482F78E2D88DD7000A0A70F /* Products */,
			);
			sourceTree = "<group>";
		};
		7482F78E2D88DD7000A0A70F /* Products */ = {
			isa = PBXGroup;
			children = (
				7482F78D2D88DD7000A0A70F /* Newsly.app */,
				7482F79F2D88DD7100A0A70F /* NewslyTests.xctest */,
				7482F7A92D88DD7100A0A70F /* NewslyUITests.xctest */,
			);
			name = Products;
			sourceTree = "<group>";
		};
/* End PBXGroup section */

/* Begin PBXNativeTarget section */
		7482F78C2D88DD7000A0A70F /* Newsly */ = {
			isa = PBXNativeTarget;
			buildConfigurationList = 7482F7B32D88DD7100A0A70F /* Build configuration list for PBXNativeTarget "Newsly" */;
			buildPhases = (
				7482F7892D88DD7000A0A70F /* Sources */,
				7482F78A2D88DD7000A0A70F /* Frameworks */,
				7482F78B2D88DD7000A0A70F /* Resources */,
			);
			buildRules = (
			);
			dependencies = (
			);
			fileSystemSynchronizedGroups = (
				7482F78F2D88DD7000A0A70F /* Newsly */,
			);
			name = Newsly;
			packageProductDependencies = (
			);
			productName = Newsly;
			productReference = 7482F78D2D88DD7000A0A70F /* Newsly.app */;
			productType = "com.apple.product-type.application";
		};
		7482F79E2D88DD7100A0A70F /* NewslyTests */ = {
			isa = PBXNativeTarget;
			buildConfigurationList = 7482F7B62D88DD7100A0A70F /* Build configuration list for PBXNativeTarget "NewslyTests" */;
			buildPhases = (
				7482F79B2D88DD7100A0A70F /* Sources */,
				7482F79C2D88DD7100A0A70F /* Frameworks */,
				7482F79D2D88DD7100A0A70F /* Resources */,
			);
			buildRules = (
			);
			dependencies = (
				7482F7A12D88DD7100A0A70F /* PBXTargetDependency */,
			);
			fileSystemSynchronizedGroups = (
				7482F7A22D88DD7100A0A70F /* NewslyTests */,
			);
			name = NewslyTests;
			packageProductDependencies = (
			);
			productName = NewslyTests;
			productReference = 7482F79F2D88DD7100A0A70F /* NewslyTests.xctest */;
			productType = "com.apple.product-type.bundle.unit-test";
		};
		7482F7A82D88DD7100A0A70F /* NewslyUITests */ = {
			isa = PBXNativeTarget;
			buildConfigurationList = 7482F7B92D88DD7100A0A70F /* Build configuration list for PBXNativeTarget "NewslyUITests" */;
			buildPhases = (
				7482F7A52D88DD7100A0A70F /* Sources */,
				7482F7A62D88DD7100A0A70F /* Frameworks */,
				7482F7A72D88DD7100A0A70F /* Resources */,
			);
			buildRules = (
			);
			dependencies = (
				7482F7AB2D88DD7100A0A70F /* PBXTargetDependency */,
			);
			fileSystemSynchronizedGroups = (
				7482F7AC2D88DD7100A0A70F /* NewslyUITests */,
			);
			name = NewslyUITests;
			packageProductDependencies = (
			);
			productName = NewslyUITests;
			productReference = 7482F7A92D88DD7100A0A70F /* NewslyUITests.xctest */;
			productType = "com.apple.product-type.bundle.ui-testing";
		};
/* End PBXNativeTarget section */

/* Begin PBXProject section */
		7482F7852D88DD7000A0A70F /* Project object */ = {
			isa = PBXProject;
			attributes = {
				BuildIndependentTargetsInParallel = 1;
				LastSwiftUpdateCheck = 1620;
				LastUpgradeCheck = 1620;
				TargetAttributes = {
					7482F78C2D88DD7000A0A70F = {
						CreatedOnToolsVersion = 16.2;
					};
					7482F79E2D88DD7100A0A70F = {
						CreatedOnToolsVersion = 16.2;
						TestTargetID = 7482F78C2D88DD7000A0A70F;
					};
					7482F7A82D88DD7100A0A70F = {
						CreatedOnToolsVersion = 16.2;
						TestTargetID = 7482F78C2D88DD7000A0A70F;
					};
				};
			};
			buildConfigurationList = 7482F7882D88DD7000A0A70F /* Build configuration list for PBXProject "Newsly" */;
			developmentRegion = en;
			hasScannedForEncodings = 0;
			knownRegions = (
				en,
				Base,
			);
			mainGroup = 7482F7842D88DD7000A0A70F;
			minimizedProjectReferenceProxies = 1;
			preferredProjectObjectVersion = 77;
			productRefGroup = 7482F78E2D88DD7000A0A70F /* Products */;
			projectDirPath = "";
			projectRoot = "";
			targets = (
				7482F78C2D88DD7000A0A70F /* Newsly */,
				7482F79E2D88DD7100A0A70F /* NewslyTests */,
				7482F7A82D88DD7100A0A70F /* NewslyUITests */,
			);
		};
/* End PBXProject section */

/* Begin PBXResourcesBuildPhase section */
		7482F78B2D88DD7000A0A70F /* Resources */ = {
			isa = PBXResourcesBuildPhase;
			buildActionMask = 2147483647;
			files = (
				7482F7BF2D88E3D300A0A70F /* .gitignore in Resources */,
				7482F7BD2D88E17900A0A70F /* README.md in Resources */,
			);
			runOnlyForDeploymentPostprocessing = 0;
		};
		7482F79D2D88DD7100A0A70F /* Resources */ = {
			isa = PBXResourcesBuildPhase;
			buildActionMask = 2147483647;
			files = (
			);
			runOnlyForDeploymentPostprocessing = 0;
		};
		7482F7A72D88DD7100A0A70F /* Resources */ = {
			isa = PBXResourcesBuildPhase;
			buildActionMask = 2147483647;
			files = (
			);
			runOnlyForDeploymentPostprocessing = 0;
		};
/* End PBXResourcesBuildPhase section */

/* Begin PBXSourcesBuildPhase section */
		7482F7892D88DD7000A0A70F /* Sources */ = {
			isa = PBXSourcesBuildPhase;
			buildActionMask = 2147483647;
			files = (
			);
			runOnlyForDeploymentPostprocessing = 0;
		};
		7482F79B2D88DD7100A0A70F /* Sources */ = {
			isa = PBXSourcesBuildPhase;
			buildActionMask = 2147483647;
			files = (
			);
			runOnlyForDeploymentPostprocessing = 0;
		};
		7482F7A52D88DD7100A0A70F /* Sources */ = {
			isa = PBXSourcesBuildPhase;
			buildActionMask = 2147483647;
			files = (
			);
			runOnlyForDeploymentPostprocessing = 0;
		};
/* End PBXSourcesBuildPhase section */

/* Begin PBXTargetDependency section */
		7482F7A12D88DD7100A0A70F /* PBXTargetDependency */ = {
			isa = PBXTargetDependency;
			target = 7482F78C2D88DD7000A0A70F /* Newsly */;
			targetProxy = 7482F7A02D88DD7100A0A70F /* PBXContainerItemProxy */;
		};
		7482F7AB2D88DD7100A0A70F /* PBXTargetDependency */ = {
			isa = PBXTargetDependency;
			target = 7482F78C2D88DD7000A0A70F /* Newsly */;
			targetProxy = 7482F7AA2D88DD7100A0A70F /* PBXContainerItemProxy */;
		};
/* End PBXTargetDependency section */

/* Begin XCBuildConfiguration section */
		7482F7B12D88DD7100A0A70F /* Debug */ = {
			isa = XCBuildConfiguration;
			buildSettings = {
				ALWAYS_SEARCH_USER_PATHS = NO;
				ASSETCATALOG_COMPILER_GENERATE_SWIFT_ASSET_SYMBOL_EXTENSIONS = YES;
				CLANG_ANALYZER_NONNULL = YES;
				CLANG_ANALYZER_NUMBER_OBJECT_CONVERSION = YES_AGGRESSIVE;
				CLANG_CXX_LANGUAGE_STANDARD = "gnu++20";
				CLANG_ENABLE_MODULES = YES;
				CLANG_ENABLE_OBJC_ARC = YES;
				CLANG_ENABLE_OBJC_WEAK = YES;
				CLANG_WARN_BLOCK_CAPTURE_AUTORELEASING = YES;
				CLANG_WARN_BOOL_CONVERSION = YES;
				CLANG_WARN_COMMA = YES;
				CLANG_WARN_CONSTANT_CONVERSION = YES;
				CLANG_WARN_DEPRECATED_OBJC_IMPLEMENTATIONS = YES;
				CLANG_WARN_DIRECT_OBJC_ISA_USAGE = YES_ERROR;
				CLANG_WARN_DOCUMENTATION_COMMENTS = YES;
				CLANG_WARN_EMPTY_BODY = YES;
				CLANG_WARN_ENUM_CONVERSION = YES;
				CLANG_WARN_INFINITE_RECURSION = YES;
				CLANG_WARN_INT_CONVERSION = YES;
				CLANG_WARN_NON_LITERAL_NULL_CONVERSION = YES;
				CLANG_WARN_OBJC_IMPLICIT_RETAIN_SELF = YES;
				CLANG_WARN_OBJC_LITERAL_CONVERSION = YES;
				CLANG_WARN_OBJC_ROOT_CLASS = YES_ERROR;
				CLANG_WARN_QUOTED_INCLUDE_IN_FRAMEWORK_HEADER = YES;
				CLANG_WARN_RANGE_LOOP_ANALYSIS = YES;
				CLANG_WARN_STRICT_PROTOTYPES = YES;
				CLANG_WARN_SUSPICIOUS_MOVE = YES;
				CLANG_WARN_UNGUARDED_AVAILABILITY = YES_AGGRESSIVE;
				CLANG_WARN_UNREACHABLE_CODE = YES;
				CLANG_WARN__DUPLICATE_METHOD_MATCH = YES;
				COPY_PHASE_STRIP = NO;
				DEBUG_INFORMATION_FORMAT = dwarf;
				ENABLE_STRICT_OBJC_MSGSEND = YES;
				ENABLE_TESTABILITY = YES;
				ENABLE_USER_SCRIPT_SANDBOXING = YES;
				GCC_C_LANGUAGE_STANDARD = gnu17;
				GCC_DYNAMIC_NO_PIC = NO;
				GCC_NO_COMMON_BLOCKS = YES;
				GCC_OPTIMIZATION_LEVEL = 0;
				GCC_PREPROCESSOR_DEFINITIONS = (
					"DEBUG=1",
					"$(inherited)",
				);
				GCC_WARN_64_TO_32_BIT_CONVERSION = YES;
				GCC_WARN_ABOUT_RETURN_TYPE = YES_ERROR;
				GCC_WARN_UNDECLARED_SELECTOR = YES;
				GCC_WARN_UNINITIALIZED_AUTOS = YES_AGGRESSIVE;
				GCC_WARN_UNUSED_FUNCTION = YES;
				GCC_WARN_UNUSED_VARIABLE = YES;
				IPHONEOS_DEPLOYMENT_TARGET = 18.2;
				LOCALIZATION_PREFERS_STRING_CATALOGS = YES;
				MTL_ENABLE_DEBUG_INFO = INCLUDE_SOURCE;
				MTL_FAST_MATH = YES;
				ONLY_ACTIVE_ARCH = YES;
				SDKROOT = iphoneos;
				SWIFT_ACTIVE_COMPILATION_CONDITIONS = "DEBUG $(inherited)";
				SWIFT_OPTIMIZATION_LEVEL = "-Onone";
			};
			name = Debug;
		};
		7482F7B22D88DD7100A0A70F /* Release */ = {
			isa = XCBuildConfiguration;
			buildSettings = {
				ALWAYS_SEARCH_USER_PATHS = NO;
				ASSETCATALOG_COMPILER_GENERATE_SWIFT_ASSET_SYMBOL_EXTENSIONS = YES;
				CLANG_ANALYZER_NONNULL = YES;
				CLANG_ANALYZER_NUMBER_OBJECT_CONVERSION = YES_AGGRESSIVE;
				CLANG_CXX_LANGUAGE_STANDARD = "gnu++20";
				CLANG_ENABLE_MODULES = YES;
				CLANG_ENABLE_OBJC_ARC = YES;
				CLANG_ENABLE_OBJC_WEAK = YES;
				CLANG_WARN_BLOCK_CAPTURE_AUTORELEASING = YES;
				CLANG_WARN_BOOL_CONVERSION = YES;
				CLANG_WARN_COMMA = YES;
				CLANG_WARN_CONSTANT_CONVERSION = YES;
				CLANG_WARN_DEPRECATED_OBJC_IMPLEMENTATIONS = YES;
				CLANG_WARN_DIRECT_OBJC_ISA_USAGE = YES_ERROR;
				CLANG_WARN_DOCUMENTATION_COMMENTS = YES;
				CLANG_WARN_EMPTY_BODY = YES;
				CLANG_WARN_ENUM_CONVERSION = YES;
				CLANG_WARN_INFINITE_RECURSION = YES;
				CLANG_WARN_INT_CONVERSION = YES;
				CLANG_WARN_NON_LITERAL_NULL_CONVERSION = YES;
				CLANG_WARN_OBJC_IMPLICIT_RETAIN_SELF = YES;
				CLANG_WARN_OBJC_LITERAL_CONVERSION = YES;
				CLANG_WARN_OBJC_ROOT_CLASS = YES_ERROR;
				CLANG_WARN_QUOTED_INCLUDE_IN_FRAMEWORK_HEADER = YES;
				CLANG_WARN_RANGE_LOOP_ANALYSIS = YES;
				CLANG_WARN_STRICT_PROTOTYPES = YES;
				CLANG_WARN_SUSPICIOUS_MOVE = YES;
				CLANG_WARN_UNGUARDED_AVAILABILITY = YES_AGGRESSIVE;
				CLANG_WARN_UNREACHABLE_CODE = YES;
				CLANG_WARN__DUPLICATE_METHOD_MATCH = YES;
				COPY_PHASE_STRIP = NO;
				DEBUG_INFORMATION_FORMAT = "dwarf-with-dsym";
				ENABLE_NS_ASSERTIONS = NO;
				ENABLE_STRICT_OBJC_MSGSEND = YES;
				ENABLE_USER_SCRIPT_SANDBOXING = YES;
				GCC_C_LANGUAGE_STANDARD = gnu17;
				GCC_NO_COMMON_BLOCKS = YES;
				GCC_WARN_64_TO_32_BIT_CONVERSION = YES;
				GCC_WARN_ABOUT_RETURN_TYPE = YES_ERROR;
				GCC_WARN_UNDECLARED_SELECTOR = YES;
				GCC_WARN_UNINITIALIZED_AUTOS = YES_AGGRESSIVE;
				GCC_WARN_UNUSED_FUNCTION = YES;
				GCC_WARN_UNUSED_VARIABLE = YES;
				IPHONEOS_DEPLOYMENT_TARGET = 18.2;
				LOCALIZATION_PREFERS_STRING_CATALOGS = YES;
				MTL_ENABLE_DEBUG_INFO = NO;
				MTL_FAST_MATH = YES;
				SDKROOT = iphoneos;
				SWIFT_COMPILATION_MODE = wholemodule;
				VALIDATE_PRODUCT = YES;
			};
			name = Release;
		};
		7482F7B42D88DD7100A0A70F /* Debug */ = {
			isa = XCBuildConfiguration;
			buildSettings = {
				ASSETCATALOG_COMPILER_APPICON_NAME = AppIcon;
				ASSETCATALOG_COMPILER_GLOBAL_ACCENT_COLOR_NAME = AccentColor;
				CODE_SIGN_STYLE = Automatic;
				CURRENT_PROJECT_VERSION = 1;
				DEVELOPMENT_ASSET_PATHS = "\"Newsly/Preview Content\"";
				DEVELOPMENT_TEAM = G276PSQ2LH;
				ENABLE_PREVIEWS = YES;
				GENERATE_INFOPLIST_FILE = YES;
				INFOPLIST_KEY_UIApplicationSceneManifest_Generation = YES;
				INFOPLIST_KEY_UIApplicationSupportsIndirectInputEvents = YES;
				INFOPLIST_KEY_UILaunchScreen_Generation = YES;
				INFOPLIST_KEY_UISupportedInterfaceOrientations_iPad = "UIInterfaceOrientationPortrait UIInterfaceOrientationPortraitUpsideDown UIInterfaceOrientationLandscapeLeft UIInterfaceOrientationLandscapeRight";
				INFOPLIST_KEY_UISupportedInterfaceOrientations_iPhone = "UIInterfaceOrientationPortrait UIInterfaceOrientationLandscapeLeft UIInterfaceOrientationLandscapeRight";
				IPHONEOS_DEPLOYMENT_TARGET = 18.2;
				LD_RUNPATH_SEARCH_PATHS = (
					"$(inherited)",
					"@executable_path/Frameworks",
				);
				MARKETING_VERSION = 1.0;
				PRODUCT_BUNDLE_IDENTIFIER = hewad.Newsly;
				PRODUCT_NAME = "$(TARGET_NAME)";
				SWIFT_EMIT_LOC_STRINGS = YES;
				SWIFT_VERSION = 5.0;
				TARGETED_DEVICE_FAMILY = "1,2";
			};
			name = Debug;
		};
		7482F7B52D88DD7100A0A70F /* Release */ = {
			isa = XCBuildConfiguration;
			buildSettings = {
				ASSETCATALOG_COMPILER_APPICON_NAME = AppIcon;
				ASSETCATALOG_COMPILER_GLOBAL_ACCENT_COLOR_NAME = AccentColor;
				CODE_SIGN_STYLE = Automatic;
				CURRENT_PROJECT_VERSION = 1;
				DEVELOPMENT_ASSET_PATHS = "\"Newsly/Preview Content\"";
				DEVELOPMENT_TEAM = G276PSQ2LH;
				ENABLE_PREVIEWS = YES;
				GENERATE_INFOPLIST_FILE = YES;
				INFOPLIST_KEY_UIApplicationSceneManifest_Generation = YES;
				INFOPLIST_KEY_UIApplicationSupportsIndirectInputEvents = YES;
				INFOPLIST_KEY_UILaunchScreen_Generation = YES;
				INFOPLIST_KEY_UISupportedInterfaceOrientations_iPad = "UIInterfaceOrientationPortrait UIInterfaceOrientationPortraitUpsideDown UIInterfaceOrientationLandscapeLeft UIInterfaceOrientationLandscapeRight";
				INFOPLIST_KEY_UISupportedInterfaceOrientations_iPhone = "UIInterfaceOrientationPortrait UIInterfaceOrientationLandscapeLeft UIInterfaceOrientationLandscapeRight";
				IPHONEOS_DEPLOYMENT_TARGET = 18.2;
				LD_RUNPATH_SEARCH_PATHS = (
					"$(inherited)",
					"@executable_path/Frameworks",
				);
				MARKETING_VERSION = 1.0;
				PRODUCT_BUNDLE_IDENTIFIER = hewad.Newsly;
				PRODUCT_NAME = "$(TARGET_NAME)";
				SWIFT_EMIT_LOC_STRINGS = YES;
				SWIFT_VERSION = 5.0;
				TARGETED_DEVICE_FAMILY = "1,2";
			};
			name = Release;
		};
		7482F7B72D88DD7100A0A70F /* Debug */ = {
			isa = XCBuildConfiguration;
			buildSettings = {
				BUNDLE_LOADER = "$(TEST_HOST)";
				CODE_SIGN_STYLE = Automatic;
				CURRENT_PROJECT_VERSION = 1;
				DEVELOPMENT_TEAM = G276PSQ2LH;
				GENERATE_INFOPLIST_FILE = YES;
				IPHONEOS_DEPLOYMENT_TARGET = 18.2;
				MARKETING_VERSION = 1.0;
				PRODUCT_BUNDLE_IDENTIFIER = hewad.NewslyTests;
				PRODUCT_NAME = "$(TARGET_NAME)";
				SWIFT_EMIT_LOC_STRINGS = NO;
				SWIFT_VERSION = 5.0;
				TARGETED_DEVICE_FAMILY = "1,2";
				TEST_HOST = "$(BUILT_PRODUCTS_DIR)/Newsly.app/$(BUNDLE_EXECUTABLE_FOLDER_PATH)/Newsly";
			};
			name = Debug;
		};
		7482F7B82D88DD7100A0A70F /* Release */ = {
			isa = XCBuildConfiguration;
			buildSettings = {
				BUNDLE_LOADER = "$(TEST_HOST)";
				CODE_SIGN_STYLE = Automatic;
				CURRENT_PROJECT_VERSION = 1;
				DEVELOPMENT_TEAM = G276PSQ2LH;
				GENERATE_INFOPLIST_FILE = YES;
				IPHONEOS_DEPLOYMENT_TARGET = 18.2;
				MARKETING_VERSION = 1.0;
				PRODUCT_BUNDLE_IDENTIFIER = hewad.NewslyTests;
				PRODUCT_NAME = "$(TARGET_NAME)";
				SWIFT_EMIT_LOC_STRINGS = NO;
				SWIFT_VERSION = 5.0;
				TARGETED_DEVICE_FAMILY = "1,2";
				TEST_HOST = "$(BUILT_PRODUCTS_DIR)/Newsly.app/$(BUNDLE_EXECUTABLE_FOLDER_PATH)/Newsly";
			};
			name = Release;
		};
		7482F7BA2D88DD7100A0A70F /* Debug */ = {
			isa = XCBuildConfiguration;
			buildSettings = {
				CODE_SIGN_STYLE = Automatic;
				CURRENT_PROJECT_VERSION = 1;
				DEVELOPMENT_TEAM = G276PSQ2LH;
				GENERATE_INFOPLIST_FILE = YES;
				MARKETING_VERSION = 1.0;
				PRODUCT_BUNDLE_IDENTIFIER = hewad.NewslyUITests;
				PRODUCT_NAME = "$(TARGET_NAME)";
				SWIFT_EMIT_LOC_STRINGS = NO;
				SWIFT_VERSION = 5.0;
				TARGETED_DEVICE_FAMILY = "1,2";
				TEST_TARGET_NAME = Newsly;
			};
			name = Debug;
		};
		7482F7BB2D88DD7100A0A70F /* Release */ = {
			isa = XCBuildConfiguration;
			buildSettings = {
				CODE_SIGN_STYLE = Automatic;
				CURRENT_PROJECT_VERSION = 1;
				DEVELOPMENT_TEAM = G276PSQ2LH;
				GENERATE_INFOPLIST_FILE = YES;
				MARKETING_VERSION = 1.0;
				PRODUCT_BUNDLE_IDENTIFIER = hewad.NewslyUITests;
				PRODUCT_NAME = "$(TARGET_NAME)";
				SWIFT_EMIT_LOC_STRINGS = NO;
				SWIFT_VERSION = 5.0;
				TARGETED_DEVICE_FAMILY = "1,2";
				TEST_TARGET_NAME = Newsly;
			};
			name = Release;
		};
/* End XCBuildConfiguration section */

/* Begin XCConfigurationList section */
		7482F7882D88DD7000A0A70F /* Build configuration list for PBXProject "Newsly" */ = {
			isa = XCConfigurationList;
			buildConfigurations = (
				7482F7B12D88DD7100A0A70F /* Debug */,
				7482F7B22D88DD7100A0A70F /* Release */,
			);
			defaultConfigurationIsVisible = 0;
			defaultConfigurationName = Release;
		};
		7482F7B32D88DD7100A0A70F /* Build configuration list for PBXNativeTarget "Newsly" */ = {
			isa = XCConfigurationList;
			buildConfigurations = (
				7482F7B42D88DD7100A0A70F /* Debug */,
				7482F7B52D88DD7100A0A70F /* Release */,
			);
			defaultConfigurationIsVisible = 0;
			defaultConfigurationName = Release;
		};
		7482F7B62D88DD7100A0A70F /* Build configuration list for PBXNativeTarget "NewslyTests" */ = {
			isa = XCConfigurationList;
			buildConfigurations = (
				7482F7B72D88DD7100A0A70F /* Debug */,
				7482F7B82D88DD7100A0A70F /* Release */,
			);
			defaultConfigurationIsVisible = 0;
			defaultConfigurationName = Release;
		};
		7482F7B92D88DD7100A0A70F /* Build configuration list for PBXNativeTarget "NewslyUITests" */ = {
			isa = XCConfigurationList;
			buildConfigurations = (
				7482F7BA2D88DD7100A0A70F /* Debug */,
				7482F7BB2D88DD7100A0A70F /* Release */,
			);
			defaultConfigurationIsVisible = 0;
			defaultConfigurationName = Release;
		};
/* End XCConfigurationList section */
	};
	rootObject = 7482F7852D88DD7000A0A70F /* Project object */;
}
